<Solution>
  <Configurations>
    <Platform Name="Any CPU" />
    <Platform Name="x64" />
    <Platform Name="x86" />
  </Configurations>
  <Project Path="src/Core/NesNes.Core.csproj" />
  <Project Path="src/Gui/NesNes.Gui.csproj" />
  <Project Path="src/Host/NesNes.Host.csproj" />
  <Project Path="src/Tests/NesNes.Tests.csproj" />
</Solution>
